
Microsoft Visual Studio Solution File, Format Version 12.00
# Visual Studio 15
Project("{FAE04EC0-301F-11D3-BF4B-00C04F79EFBC}") = "Server.HTTP", "Server.HTTP\Server.HTTP.csproj", "{FC143DDC-2EC7-41DB-9095-02B17DDFDD36}"
EndProject
Project("{FAE04EC0-301F-11D3-BF4B-00C04F79EFBC}") = "Server.MvcFramework", "Server.MvcFramework\Server.MvcFramework.csproj", "{7948D8BF-F825-4674-90F8-F4C2CA475B90}"
EndProject
Project("{2150E333-8FDC-42A3-9474-1A3956D46DE8}") = "Apps", "Apps", "{47033B4C-DEA5-40E0-80C4-0EB1609AA8FB}"
EndProject
Project("{FAE04EC0-301F-11D3-BF4B-00C04F79EFBC}") = "MyFirstMvcApp", "MyFirstMvcApp\MyFirstMvcApp.csproj", "{609BF3CB-0DA3-4919-BE28-60498B7F5EB9}"
EndProject
Global
	GlobalSection(SolutionConfigurationPlatforms) = preSolution
		Debug|Any CPU = Debug|Any CPU
		Release|Any CPU = Release|Any CPU
	EndGlobalSection
	GlobalSection(ProjectConfigurationPlatforms) = postSolution
		{FC143DDC-2EC7-41DB-9095-02B17DDFDD36}.Debug|Any CPU.ActiveCfg = Debug|Any CPU
		{FC143DDC-2EC7-41DB-9095-02B17DDFDD36}.Debug|Any CPU.Build.0 = Debug|Any CPU
		{FC143DDC-2EC7-41DB-9095-02B17DDFDD36}.Release|Any CPU.ActiveCfg = Release|Any CPU
		{FC143DDC-2EC7-41DB-9095-02B17DDFDD36}.Release|Any CPU.Build.0 = Release|Any CPU
		{7948D8BF-F825-4674-90F8-F4C2CA475B90}.Debug|Any CPU.ActiveCfg = Debug|Any CPU
		{7948D8BF-F825-4674-90F8-F4C2CA475B90}.Debug|Any CPU.Build.0 = Debug|Any CPU
		{7948D8BF-F825-4674-90F8-F4C2CA475B90}.Release|Any CPU.ActiveCfg = Release|Any CPU
		{7948D8BF-F825-4674-90F8-F4C2CA475B90}.Release|Any CPU.Build.0 = Release|Any CPU
		{609BF3CB-0DA3-4919-BE28-60498B7F5EB9}.Debug|Any CPU.ActiveCfg = Debug|Any CPU
		{609BF3CB-0DA3-4919-BE28-60498B7F5EB9}.Debug|Any CPU.Build.0 = Debug|Any CPU
		{609BF3CB-0DA3-4919-BE28-60498B7F5EB9}.Release|Any CPU.ActiveCfg = Release|Any CPU
		{609BF3CB-0DA3-4919-BE28-60498B7F5EB9}.Release|Any CPU.Build.0 = Release|Any CPU
	EndGlobalSection
	GlobalSection(NestedProjects) = preSolution
		{609BF3CB-0DA3-4919-BE28-60498B7F5EB9} = {47033B4C-DEA5-40E0-80C4-0EB1609AA8FB}
	EndGlobalSection
EndGlobal
